
Microsoft Visual Studio Solution File, Format Version 12.00
# Visual Studio Version 17
VisualStudioVersion = 17.9.34728.123
MinimumVisualStudioVersion = 10.0.40219.1
Project("{FAE04EC0-301F-11D3-BF4B-00C04F79EFBC}") = "knjewelry", "knjewelry.csproj", "{2A024AD7-1CCF-47C5-831B-80DC069C7D60}"
EndProject
Project("{2150E333-8FDC-42A3-9474-1A3956D46DE8}") = "Jewelry", "Jewelry", "{AD24C529-1F28-403B-AC78-C634432E4054}"
EndProject
Project("{FAE04EC0-301F-11D3-BF4B-00C04F79EFBC}") = "Jewelry.Common", "Jewelry\Jewelry.Common\Jewelry.Common.csproj", "{C84B3DAE-936A-411A-8744-07FC14609AF9}"
EndProject
Project("{FAE04EC0-301F-11D3-BF4B-00C04F79EFBC}") = "Jewelry.DTO", "Jewelry\Jewelry.DTO\Jewelry.DTO.csproj", "{777EAB66-EAB4-4BDD-9A3B-BC0E32F288B8}"
EndProject
Project("{FAE04EC0-301F-11D3-BF4B-00C04F79EFBC}") = "Jewelry.Entities", "Jewelry\Jewelry.Entities\Jewelry.Entities.csproj", "{CF0FC5E3-3ABE-41FD-8088-B27FD91F7B16}"
EndProject
Project("{FAE04EC0-301F-11D3-BF4B-00C04F79EFBC}") = "Jewelry.ApiGateway", "Jewelry\Jewelry.ApiGateway\Jewelry.ApiGateway.csproj", "{E2135ACD-F8D7-4033-923C-B67C961C36F5}"
EndProject
Project("{FAE04EC0-301F-11D3-BF4B-00C04F79EFBC}") = "Jewelry.APIService", "Jewelry\Jewelry.APIService\Jewelry.APIService.csproj", "{E4AB17EC-657B-4D03-B5FD-00C21D128A19}"
EndProject
Project("{FAE04EC0-301F-11D3-BF4B-00C04F79EFBC}") = "Jewelry.AuthService", "Jewelry\Jewelry.AuthService\Jewelry.AuthService.csproj", "{D981F025-92FC-4771-ACB8-D2101E350FF4}"
EndProject
Project("{FAE04EC0-301F-11D3-BF4B-00C04F79EFBC}") = "Jewelry.Repository", "Jewelry\Jewelry.Repository\Jewelry.Repository.csproj", "{AD932AED-7248-4E5D-BACA-74B669497946}"
EndProject
Project("{FAE04EC0-301F-11D3-BF4B-00C04F79EFBC}") = "Jewelry.Services", "Jewelry\Jewelry.Services\Jewelry.Services.csproj", "{9432C030-07F4-410B-A3B6-05D6A8F480EF}"
EndProject
Project("{FAE04EC0-301F-11D3-BF4B-00C04F79EFBC}") = "Jewelry.Libs", "Jewelry\Jewelry.Libs\Jewelry.Libs.csproj", "{D5DDE8D5-ADAD-4698-A60C-977C07D42B29}"
EndProject
Global
	GlobalSection(SolutionConfigurationPlatforms) = preSolution
		Debug|Any CPU = Debug|Any CPU
		Release|Any CPU = Release|Any CPU
	EndGlobalSection
	GlobalSection(ProjectConfigurationPlatforms) = postSolution
		{2A024AD7-1CCF-47C5-831B-80DC069C7D60}.Debug|Any CPU.ActiveCfg = Debug|Any CPU
		{2A024AD7-1CCF-47C5-831B-80DC069C7D60}.Debug|Any CPU.Build.0 = Debug|Any CPU
		{2A024AD7-1CCF-47C5-831B-80DC069C7D60}.Release|Any CPU.ActiveCfg = Release|Any CPU
		{2A024AD7-1CCF-47C5-831B-80DC069C7D60}.Release|Any CPU.Build.0 = Release|Any CPU
		{C84B3DAE-936A-411A-8744-07FC14609AF9}.Debug|Any CPU.ActiveCfg = Debug|Any CPU
		{C84B3DAE-936A-411A-8744-07FC14609AF9}.Debug|Any CPU.Build.0 = Debug|Any CPU
		{C84B3DAE-936A-411A-8744-07FC14609AF9}.Release|Any CPU.ActiveCfg = Release|Any CPU
		{C84B3DAE-936A-411A-8744-07FC14609AF9}.Release|Any CPU.Build.0 = Release|Any CPU
		{777EAB66-EAB4-4BDD-9A3B-BC0E32F288B8}.Debug|Any CPU.ActiveCfg = Debug|Any CPU
		{777EAB66-EAB4-4BDD-9A3B-BC0E32F288B8}.Debug|Any CPU.Build.0 = Debug|Any CPU
		{777EAB66-EAB4-4BDD-9A3B-BC0E32F288B8}.Release|Any CPU.ActiveCfg = Release|Any CPU
		{777EAB66-EAB4-4BDD-9A3B-BC0E32F288B8}.Release|Any CPU.Build.0 = Release|Any CPU
		{CF0FC5E3-3ABE-41FD-8088-B27FD91F7B16}.Debug|Any CPU.ActiveCfg = Debug|Any CPU
		{CF0FC5E3-3ABE-41FD-8088-B27FD91F7B16}.Debug|Any CPU.Build.0 = Debug|Any CPU
		{CF0FC5E3-3ABE-41FD-8088-B27FD91F7B16}.Release|Any CPU.ActiveCfg = Release|Any CPU
		{CF0FC5E3-3ABE-41FD-8088-B27FD91F7B16}.Release|Any CPU.Build.0 = Release|Any CPU
		{E2135ACD-F8D7-4033-923C-B67C961C36F5}.Debug|Any CPU.ActiveCfg = Debug|Any CPU
		{E2135ACD-F8D7-4033-923C-B67C961C36F5}.Debug|Any CPU.Build.0 = Debug|Any CPU
		{E2135ACD-F8D7-4033-923C-B67C961C36F5}.Release|Any CPU.ActiveCfg = Release|Any CPU
		{E2135ACD-F8D7-4033-923C-B67C961C36F5}.Release|Any CPU.Build.0 = Release|Any CPU
		{E4AB17EC-657B-4D03-B5FD-00C21D128A19}.Debug|Any CPU.ActiveCfg = Debug|Any CPU
		{E4AB17EC-657B-4D03-B5FD-00C21D128A19}.Debug|Any CPU.Build.0 = Debug|Any CPU
		{E4AB17EC-657B-4D03-B5FD-00C21D128A19}.Release|Any CPU.ActiveCfg = Release|Any CPU
		{E4AB17EC-657B-4D03-B5FD-00C21D128A19}.Release|Any CPU.Build.0 = Release|Any CPU
		{D981F025-92FC-4771-ACB8-D2101E350FF4}.Debug|Any CPU.ActiveCfg = Debug|Any CPU
		{D981F025-92FC-4771-ACB8-D2101E350FF4}.Debug|Any CPU.Build.0 = Debug|Any CPU
		{D981F025-92FC-4771-ACB8-D2101E350FF4}.Release|Any CPU.ActiveCfg = Release|Any CPU
		{D981F025-92FC-4771-ACB8-D2101E350FF4}.Release|Any CPU.Build.0 = Release|Any CPU
		{AD932AED-7248-4E5D-BACA-74B669497946}.Debug|Any CPU.ActiveCfg = Debug|Any CPU
		{AD932AED-7248-4E5D-BACA-74B669497946}.Debug|Any CPU.Build.0 = Debug|Any CPU
		{AD932AED-7248-4E5D-BACA-74B669497946}.Release|Any CPU.ActiveCfg = Release|Any CPU
		{AD932AED-7248-4E5D-BACA-74B669497946}.Release|Any CPU.Build.0 = Release|Any CPU
		{9432C030-07F4-410B-A3B6-05D6A8F480EF}.Debug|Any CPU.ActiveCfg = Debug|Any CPU
		{9432C030-07F4-410B-A3B6-05D6A8F480EF}.Debug|Any CPU.Build.0 = Debug|Any CPU
		{9432C030-07F4-410B-A3B6-05D6A8F480EF}.Release|Any CPU.ActiveCfg = Release|Any CPU
		{9432C030-07F4-410B-A3B6-05D6A8F480EF}.Release|Any CPU.Build.0 = Release|Any CPU
		{D5DDE8D5-ADAD-4698-A60C-977C07D42B29}.Debug|Any CPU.ActiveCfg = Debug|Any CPU
		{D5DDE8D5-ADAD-4698-A60C-977C07D42B29}.Debug|Any CPU.Build.0 = Debug|Any CPU
		{D5DDE8D5-ADAD-4698-A60C-977C07D42B29}.Release|Any CPU.ActiveCfg = Release|Any CPU
		{D5DDE8D5-ADAD-4698-A60C-977C07D42B29}.Release|Any CPU.Build.0 = Release|Any CPU
	EndGlobalSection
	GlobalSection(SolutionProperties) = preSolution
		HideSolutionNode = FALSE
	EndGlobalSection
	GlobalSection(ExtensibilityGlobals) = postSolution
		SolutionGuid = {A7E672FB-886B-4DF7-B650-5683D093EBD8}
	EndGlobalSection
	GlobalSection(NestedProjects) = preSolution
		{C84B3DAE-936A-411A-8744-07FC14609AF9} = {AD24C529-1F28-403B-AC78-C634432E4054}
		{777EAB66-EAB4-4BDD-9A3B-BC0E32F288B8} = {AD24C529-1F28-403B-AC78-C634432E4054}
		{CF0FC5E3-3ABE-41FD-8088-B27FD91F7B16} = {AD24C529-1F28-403B-AC78-C634432E4054}
		{E2135ACD-F8D7-4033-923C-B67C961C36F5} = {AD24C529-1F28-403B-AC78-C634432E4054}
		{E4AB17EC-657B-4D03-B5FD-00C21D128A19} = {AD24C529-1F28-403B-AC78-C634432E4054}
		{D981F025-92FC-4771-ACB8-D2101E350FF4} = {AD24C529-1F28-403B-AC78-C634432E4054}
		{AD932AED-7248-4E5D-BACA-74B669497946} = {AD24C529-1F28-403B-AC78-C634432E4054}
		{9432C030-07F4-410B-A3B6-05D6A8F480EF} = {AD24C529-1F28-403B-AC78-C634432E4054}
		{D5DDE8D5-ADAD-4698-A60C-977C07D42B29} = {AD24C529-1F28-403B-AC78-C634432E4054}
	EndGlobalSection
EndGlobal
